
Microsoft Visual Studio Solution File, Format Version 12.00
# Visual Studio Version 17
VisualStudioVersion = 17.0.31903.59
MinimumVisualStudioVersion = 10.0.40219.1
Project("{2150E333-8FDC-42A3-9474-1A3956D46DE8}") = "tests", "tests", "{C56F375F-EEE3-489B-B292-C067C952E992}"
EndProject
Project("{FAE04EC0-301F-11D3-BF4B-00C04F79EFBC}") = "Jsondyno.Tests", "tests\Jsondyno.Tests\Jsondyno.Tests.csproj", "{69BDEDAF-AA77-47C3-A6F1-3F3B8DABBA68}"
EndProject
Project("{2150E333-8FDC-42A3-9474-1A3956D46DE8}") = "src", "src", "{21F40066-2F9B-40A5-BFA8-3A7735FA2961}"
EndProject
Project("{FAE04EC0-301F-11D3-BF4B-00C04F79EFBC}") = "Jsondyno", "src\Jsondyno\Jsondyno.csproj", "{0E924EEE-0B7B-4545-B49E-E9F9CCFA9248}"
EndProject
Project("{2150E333-8FDC-42A3-9474-1A3956D46DE8}") = "samples", "samples", "{65B73225-CF1C-4E1E-9971-18C749267DE6}"
EndProject
Project("{FAE04EC0-301F-11D3-BF4B-00C04F79EFBC}") = "Jsondyno.ConsoleApp", "samples\01-console-basic-usage-sample\Jsondyno.ConsoleApp.csproj", "{A13B14D2-C2CC-4FE8-966C-49C479C363D9}"
EndProject
Project("{FAE04EC0-301F-11D3-BF4B-00C04F79EFBC}") = "Jsondyno.MinimalWebApi", "samples\02-web-minimal-api-sample\Jsondyno.MinimalWebApi.csproj", "{B11E726C-1909-433F-B34A-CCBD91014852}"
EndProject
Project("{FAE04EC0-301F-11D3-BF4B-00C04F79EFBC}") = "Jsondyno.ControllerBasedApi", "samples\03-web-controller-based-api-sample\Jsondyno.ControllerBasedApi.csproj", "{F826ACA9-0097-4DF6-A3D9-4E75A1CC6611}"
EndProject
Global
	GlobalSection(SolutionConfigurationPlatforms) = preSolution
		Debug|Any CPU = Debug|Any CPU
		Release|Any CPU = Release|Any CPU
	EndGlobalSection
	GlobalSection(SolutionProperties) = preSolution
		HideSolutionNode = FALSE
	EndGlobalSection
	GlobalSection(ProjectConfigurationPlatforms) = postSolution
		{69BDEDAF-AA77-47C3-A6F1-3F3B8DABBA68}.Debug|Any CPU.ActiveCfg = Debug|Any CPU
		{69BDEDAF-AA77-47C3-A6F1-3F3B8DABBA68}.Debug|Any CPU.Build.0 = Debug|Any CPU
		{69BDEDAF-AA77-47C3-A6F1-3F3B8DABBA68}.Release|Any CPU.ActiveCfg = Release|Any CPU
		{69BDEDAF-AA77-47C3-A6F1-3F3B8DABBA68}.Release|Any CPU.Build.0 = Release|Any CPU
		{0E924EEE-0B7B-4545-B49E-E9F9CCFA9248}.Debug|Any CPU.ActiveCfg = Debug|Any CPU
		{0E924EEE-0B7B-4545-B49E-E9F9CCFA9248}.Debug|Any CPU.Build.0 = Debug|Any CPU
		{0E924EEE-0B7B-4545-B49E-E9F9CCFA9248}.Release|Any CPU.ActiveCfg = Release|Any CPU
		{0E924EEE-0B7B-4545-B49E-E9F9CCFA9248}.Release|Any CPU.Build.0 = Release|Any CPU
		{A13B14D2-C2CC-4FE8-966C-49C479C363D9}.Debug|Any CPU.ActiveCfg = Debug|Any CPU
		{A13B14D2-C2CC-4FE8-966C-49C479C363D9}.Debug|Any CPU.Build.0 = Debug|Any CPU
		{A13B14D2-C2CC-4FE8-966C-49C479C363D9}.Release|Any CPU.ActiveCfg = Release|Any CPU
		{A13B14D2-C2CC-4FE8-966C-49C479C363D9}.Release|Any CPU.Build.0 = Release|Any CPU
		{B11E726C-1909-433F-B34A-CCBD91014852}.Debug|Any CPU.ActiveCfg = Debug|Any CPU
		{B11E726C-1909-433F-B34A-CCBD91014852}.Debug|Any CPU.Build.0 = Debug|Any CPU
		{B11E726C-1909-433F-B34A-CCBD91014852}.Release|Any CPU.ActiveCfg = Release|Any CPU
		{B11E726C-1909-433F-B34A-CCBD91014852}.Release|Any CPU.Build.0 = Release|Any CPU
		{F826ACA9-0097-4DF6-A3D9-4E75A1CC6611}.Debug|Any CPU.ActiveCfg = Debug|Any CPU
		{F826ACA9-0097-4DF6-A3D9-4E75A1CC6611}.Debug|Any CPU.Build.0 = Debug|Any CPU
		{F826ACA9-0097-4DF6-A3D9-4E75A1CC6611}.Release|Any CPU.ActiveCfg = Release|Any CPU
		{F826ACA9-0097-4DF6-A3D9-4E75A1CC6611}.Release|Any CPU.Build.0 = Release|Any CPU
	EndGlobalSection
	GlobalSection(NestedProjects) = preSolution
		{69BDEDAF-AA77-47C3-A6F1-3F3B8DABBA68} = {C56F375F-EEE3-489B-B292-C067C952E992}
		{0E924EEE-0B7B-4545-B49E-E9F9CCFA9248} = {21F40066-2F9B-40A5-BFA8-3A7735FA2961}
		{A13B14D2-C2CC-4FE8-966C-49C479C363D9} = {65B73225-CF1C-4E1E-9971-18C749267DE6}
		{B11E726C-1909-433F-B34A-CCBD91014852} = {65B73225-CF1C-4E1E-9971-18C749267DE6}
		{F826ACA9-0097-4DF6-A3D9-4E75A1CC6611} = {65B73225-CF1C-4E1E-9971-18C749267DE6}
	EndGlobalSection
EndGlobal